// !$*UTF8*$!
{
	archiveVersion = 1;
	classes = {
	};
	objectVersion = 48;
	objects = {

/* Begin PBXBuildFile section */
		2B36298F24518953003F2F2A /* MyWorkerClass.m in Sources */ = {isa = PBXBuildFile; fileRef = 2B36298E24518953003F2F2A /* MyWorkerClass.m */; };
		2B46B3DA258265060026FA24 /* NSLayoutConstraint+MASDebugAdditions.m in Sources */ = {isa = PBXBuildFile; fileRef = 2B46B3C4258265050026FA24 /* NSLayoutConstraint+MASDebugAdditions.m */; };
		2B46B3DB258265060026FA24 /* MASCompositeConstraint.m in Sources */ = {isa = PBXBuildFile; fileRef = 2B46B3D0258265060026FA24 /* MASCompositeConstraint.m */; };
		2B46B3DC258265060026FA24 /* MASConstraintMaker.m in Sources */ = {isa = PBXBuildFile; fileRef = 2B46B3D1258265060026FA24 /* MASConstraintMaker.m */; };
		2B46B3DD258265060026FA24 /* MASLayoutConstraint.m in Sources */ = {isa = PBXBuildFile; fileRef = 2B46B3D2258265060026FA24 /* MASLayoutConstraint.m */; };
		2B46B3DE258265060026FA24 /* NSArray+MASAdditions.m in Sources */ = {isa = PBXBuildFile; fileRef = 2B46B3D3258265060026FA24 /* NSArray+MASAdditions.m */; };
		2B46B3DF258265060026FA24 /* View+MASAdditions.m in Sources */ = {isa = PBXBuildFile; fileRef = 2B46B3D4258265060026FA24 /* View+MASAdditions.m */; };
		2B46B3E0258265060026FA24 /* MASConstraint.m in Sources */ = {isa = PBXBuildFile; fileRef = 2B46B3D7258265060026FA24 /* MASConstraint.m */; };
		2B46B3E1258265060026FA24 /* MASViewConstraint.m in Sources */ = {isa = PBXBuildFile; fileRef = 2B46B3D8258265060026FA24 /* MASViewConstraint.m */; };
		2B46B3E2258265060026FA24 /* MASViewAttribute.m in Sources */ = {isa = PBXBuildFile; fileRef = 2B46B3D9258265060026FA24 /* MASViewAttribute.m */; };
		2B56144521DA78EA00EC79B3 /* libmp3lame.a in Frameworks */ = {isa = PBXBuildFile; fileRef = 2B56144321DA78EA00EC79B3 /* libmp3lame.a */; };
		2BFEFB4B21C1439B009C406E /* beijingUp@2x.png in Resources */ = {isa = PBXBuildFile; fileRef = 2BFEFAFC21C1439A009C406E /* beijingUp@2x.png */; };
		2BFEFB4C21C1439B009C406E /* beijing@2x.png in Resources */ = {isa = PBXBuildFile; fileRef = 2BFEFAFD21C1439A009C406E /* beijing@2x.png */; };
		2BFEFB4D21C1439B009C406E /* triangle.png in Resources */ = {isa = PBXBuildFile; fileRef = 2BFEFAFE21C1439A009C406E /* triangle.png */; };
		2BFEFB4E21C1439B009C406E /* rect.png in Resources */ = {isa = PBXBuildFile; fileRef = 2BFEFAFF21C1439A009C406E /* rect.png */; };
		2BFEFB4F21C1439B009C406E /* beijingDown@2x.png in Resources */ = {isa = PBXBuildFile; fileRef = 2BFEFB0021C1439A009C406E /* beijingDown@2x.png */; };
		2BFEFB5021C1439B009C406E /* location_icon.png in Resources */ = {isa = PBXBuildFile; fileRef = 2BFEFB0121C1439A009C406E /* location_icon.png */; };
		2BFEFB5121C1439B009C406E /* SoundView.m in Sources */ = {isa = PBXBuildFile; fileRef = 2BFEFB0321C1439B009C406E /* SoundView.m */; };
		2BFEFB5221C1439B009C406E /* Assets.xcassets in Resources */ = {isa = PBXBuildFile; fileRef = 2BFEFB0421C1439B009C406E /* Assets.xcassets */; };
		2BFEFB5321C1439B009C406E /* LaunchScreen.storyboard in Resources */ = {isa = PBXBuildFile; fileRef = 2BFEFB0521C1439B009C406E /* LaunchScreen.storyboard */; };
		2BFEFB5421C1439B009C406E /* main.m in Sources */ = {isa = PBXBuildFile; fileRef = 2BFEFB0821C1439B009C406E /* main.m */; };
		2BFEFB5521C1439B009C406E /* msgTritone.caf in Resources */ = {isa = PBXBuildFile; fileRef = 2BFEFB0921C1439B009C406E /* msgTritone.caf */; };
		2BFEFB5621C1439B009C406E /* AppDelegate.m in Sources */ = {isa = PBXBuildFile; fileRef = 2BFEFB0A21C1439B009C406E /* AppDelegate.m */; };
		2BFEFB5721C1439B009C406E /* UITestViewController.mm in Sources */ = {isa = PBXBuildFile; fileRef = 2BFEFB0B21C1439B009C406E /* UITestViewController.mm */; };
		2BFEFB5821C1439B009C406E /* UIRootViewController.mm in Sources */ = {isa = PBXBuildFile; fileRef = 2BFEFB0D21C1439B009C406E /* UIRootViewController.mm */; };
		2BFEFB5921C1439B009C406E /* InfoEx.plist in Resources */ = {isa = PBXBuildFile; fileRef = 2BFEFB0E21C1439B009C406E /* InfoEx.plist */; };
		3071CD5B25621D0C008960D8 /* ViewController2.m in Sources */ = {isa = PBXBuildFile; fileRef = 3071CD5325621D0B008960D8 /* ViewController2.m */; };
		3071CD5C25621D0C008960D8 /* ViewController3.m in Sources */ = {isa = PBXBuildFile; fileRef = 3071CD5425621D0B008960D8 /* ViewController3.m */; };
		3071CD5D25621D0C008960D8 /* ViewController.m in Sources */ = {isa = PBXBuildFile; fileRef = 3071CD5525621D0B008960D8 /* ViewController.m */; };
		3071CD5E25621D0C008960D8 /* ViewController4.m in Sources */ = {isa = PBXBuildFile; fileRef = 3071CD5625621D0B008960D8 /* ViewController4.m */; };
		55458E0F24C08B41009EC98A /* QMUIKit.framework in Frameworks */ = {isa = PBXBuildFile; fileRef = 55458E0B24C08B34009EC98A /* QMUIKit.framework */; };
		55458E1024C08B41009EC98A /* QMUIKit.framework in Embed Frameworks */ = {isa = PBXBuildFile; fileRef = 55458E0B24C08B34009EC98A /* QMUIKit.framework */; settings = {ATTRIBUTES = (CodeSignOnCopy, RemoveHeadersOnCopy, ); }; };
		55458E2424C08D14009EC98A /* testHpp.cpp in Sources */ = {isa = PBXBuildFile; fileRef = 55458E1A24C08D14009EC98A /* testHpp.cpp */; };
/* End PBXBuildFile section */

/* Begin PBXContainerItemProxy section */
		55458E0A24C08B34009EC98A /* PBXContainerItemProxy */ = {
			isa = PBXContainerItemProxy;
			containerPortal = 55458E0524C08B33009EC98A /* qmui.xcodeproj */;
			proxyType = 2;
			remoteGlobalIDString = FE0AFAD11D82B9D8000D21D9;
			remoteInfo = QMUIKit;
		};
		55458E0C24C08B34009EC98A /* PBXContainerItemProxy */ = {
			isa = PBXContainerItemProxy;
			containerPortal = 55458E0524C08B33009EC98A /* qmui.xcodeproj */;
			proxyType = 2;
			remoteGlobalIDString = CD4EA571228C401E00A55066;
			remoteInfo = QMUIKitTests;
		};
/* End PBXContainerItemProxy section */

/* Begin PBXCopyFilesBuildPhase section */
		55458E1124C08B41009EC98A /* Embed Frameworks */ = {
			isa = PBXCopyFilesBuildPhase;
			buildActionMask = 2147483647;
			dstPath = "";
			dstSubfolderSpec = 10;
			files = (
				55458E1024C08B41009EC98A /* QMUIKit.framework in Embed Frameworks */,
			);
			name = "Embed Frameworks";
			runOnlyForDeploymentPostprocessing = 0;
		};
/* End PBXCopyFilesBuildPhase section */

/* Begin PBXFileReference section */
		2B36298D24518953003F2F2A /* MyWorkerClass.h */ = {isa = PBXFileReference; lastKnownFileType = sourcecode.c.h; path = MyWorkerClass.h; sourceTree = "<group>"; };
		2B36298E24518953003F2F2A /* MyWorkerClass.m */ = {isa = PBXFileReference; lastKnownFileType = sourcecode.c.objc; path = MyWorkerClass.m; sourceTree = "<group>"; };
		2B46B3C3258265050026FA24 /* MASCompositeConstraint.h */ = {isa = PBXFileReference; fileEncoding = 4; lastKnownFileType = sourcecode.c.h; path = MASCompositeConstraint.h; sourceTree = "<group>"; };
		2B46B3C4258265050026FA24 /* NSLayoutConstraint+MASDebugAdditions.m */ = {isa = PBXFileReference; fileEncoding = 4; lastKnownFileType = sourcecode.c.objc; path = "NSLayoutConstraint+MASDebugAdditions.m"; sourceTree = "<group>"; };
		2B46B3C5258265050026FA24 /* MASConstraint+Private.h */ = {isa = PBXFileReference; fileEncoding = 4; lastKnownFileType = sourcecode.c.h; path = "MASConstraint+Private.h"; sourceTree = "<group>"; };
		2B46B3C6258265050026FA24 /* MASLayoutConstraint.h */ = {isa = PBXFileReference; fileEncoding = 4; lastKnownFileType = sourcecode.c.h; path = MASLayoutConstraint.h; sourceTree = "<group>"; };
		2B46B3C7258265050026FA24 /* NSArray+MASShorthandAdditions.h */ = {isa = PBXFileReference; fileEncoding = 4; lastKnownFileType = sourcecode.c.h; path = "NSArray+MASShorthandAdditions.h"; sourceTree = "<group>"; };
		2B46B3C8258265050026FA24 /* MASConstraintMaker.h */ = {isa = PBXFileReference; fileEncoding = 4; lastKnownFileType = sourcecode.c.h; path = MASConstraintMaker.h; sourceTree = "<group>"; };
		2B46B3C9258265050026FA24 /* View+MASAdditions.h */ = {isa = PBXFileReference; fileEncoding = 4; lastKnownFileType = sourcecode.c.h; path = "View+MASAdditions.h"; sourceTree = "<group>"; };
		2B46B3CA258265050026FA24 /* NSArray+MASAdditions.h */ = {isa = PBXFileReference; fileEncoding = 4; lastKnownFileType = sourcecode.c.h; path = "NSArray+MASAdditions.h"; sourceTree = "<group>"; };
		2B46B3CB258265060026FA24 /* MASUtilities.h */ = {isa = PBXFileReference; fileEncoding = 4; lastKnownFileType = sourcecode.c.h; path = MASUtilities.h; sourceTree = "<group>"; };
		2B46B3CC258265060026FA24 /* MASViewAttribute.h */ = {isa = PBXFileReference; fileEncoding = 4; lastKnownFileType = sourcecode.c.h; path = MASViewAttribute.h; sourceTree = "<group>"; };
		2B46B3CD258265060026FA24 /* MASViewConstraint.h */ = {isa = PBXFileReference; fileEncoding = 4; lastKnownFileType = sourcecode.c.h; path = MASViewConstraint.h; sourceTree = "<group>"; };
		2B46B3CE258265060026FA24 /* MASConstraint.h */ = {isa = PBXFileReference; fileEncoding = 4; lastKnownFileType = sourcecode.c.h; path = MASConstraint.h; sourceTree = "<group>"; };
		2B46B3CF258265060026FA24 /* NSLayoutConstraint+MASDebugAdditions.h */ = {isa = PBXFileReference; fileEncoding = 4; lastKnownFileType = sourcecode.c.h; path = "NSLayoutConstraint+MASDebugAdditions.h"; sourceTree = "<group>"; };
		2B46B3D0258265060026FA24 /* MASCompositeConstraint.m */ = {isa = PBXFileReference; fileEncoding = 4; lastKnownFileType = sourcecode.c.objc; path = MASCompositeConstraint.m; sourceTree = "<group>"; };
		2B46B3D1258265060026FA24 /* MASConstraintMaker.m */ = {isa = PBXFileReference; fileEncoding = 4; lastKnownFileType = sourcecode.c.objc; path = MASConstraintMaker.m; sourceTree = "<group>"; };
		2B46B3D2258265060026FA24 /* MASLayoutConstraint.m */ = {isa = PBXFileReference; fileEncoding = 4; lastKnownFileType = sourcecode.c.objc; path = MASLayoutConstraint.m; sourceTree = "<group>"; };
		2B46B3D3258265060026FA24 /* NSArray+MASAdditions.m */ = {isa = PBXFileReference; fileEncoding = 4; lastKnownFileType = sourcecode.c.objc; path = "NSArray+MASAdditions.m"; sourceTree = "<group>"; };
		2B46B3D4258265060026FA24 /* View+MASAdditions.m */ = {isa = PBXFileReference; fileEncoding = 4; lastKnownFileType = sourcecode.c.objc; path = "View+MASAdditions.m"; sourceTree = "<group>"; };
		2B46B3D5258265060026FA24 /* View+MASShorthandAdditions.h */ = {isa = PBXFileReference; fileEncoding = 4; lastKnownFileType = sourcecode.c.h; path = "View+MASShorthandAdditions.h"; sourceTree = "<group>"; };
		2B46B3D6258265060026FA24 /* Masonry.h */ = {isa = PBXFileReference; fileEncoding = 4; lastKnownFileType = sourcecode.c.h; path = Masonry.h; sourceTree = "<group>"; };
		2B46B3D7258265060026FA24 /* MASConstraint.m */ = {isa = PBXFileReference; fileEncoding = 4; lastKnownFileType = sourcecode.c.objc; path = MASConstraint.m; sourceTree = "<group>"; };
		2B46B3D8258265060026FA24 /* MASViewConstraint.m */ = {isa = PBXFileReference; fileEncoding = 4; lastKnownFileType = sourcecode.c.objc; path = MASViewConstraint.m; sourceTree = "<group>"; };
		2B46B3D9258265060026FA24 /* MASViewAttribute.m */ = {isa = PBXFileReference; fileEncoding = 4; lastKnownFileType = sourcecode.c.objc; path = MASViewAttribute.m; sourceTree = "<group>"; };
		2B4BA80A1FF0D6E300F002E7 /* TestObject.app */ = {isa = PBXFileReference; explicitFileType = wrapper.application; includeInIndex = 0; path = TestObject.app; sourceTree = BUILT_PRODUCTS_DIR; };
		2B56144321DA78EA00EC79B3 /* libmp3lame.a */ = {isa = PBXFileReference; lastKnownFileType = archive.ar; path = libmp3lame.a; sourceTree = "<group>"; };
		2B56144421DA78EA00EC79B3 /* lame.h */ = {isa = PBXFileReference; fileEncoding = 4; lastKnownFileType = sourcecode.c.h; path = lame.h; sourceTree = "<group>"; };
		2BFEFAF721C1439A009C406E /* UITestViewController.h */ = {isa = PBXFileReference; fileEncoding = 4; lastKnownFileType = sourcecode.c.h; path = UITestViewController.h; sourceTree = "<group>"; };
		2BFEFAFC21C1439A009C406E /* beijingUp@2x.png */ = {isa = PBXFileReference; lastKnownFileType = image.png; path = "beijingUp@2x.png"; sourceTree = "<group>"; };
		2BFEFAFD21C1439A009C406E /* beijing@2x.png */ = {isa = PBXFileReference; lastKnownFileType = image.png; path = "beijing@2x.png"; sourceTree = "<group>"; };
		2BFEFAFE21C1439A009C406E /* triangle.png */ = {isa = PBXFileReference; lastKnownFileType = image.png; path = triangle.png; sourceTree = "<group>"; };
		2BFEFAFF21C1439A009C406E /* rect.png */ = {isa = PBXFileReference; lastKnownFileType = image.png; path = rect.png; sourceTree = "<group>"; };
		2BFEFB0021C1439A009C406E /* beijingDown@2x.png */ = {isa = PBXFileReference; lastKnownFileType = image.png; path = "beijingDown@2x.png"; sourceTree = "<group>"; };
		2BFEFB0121C1439A009C406E /* location_icon.png */ = {isa = PBXFileReference; lastKnownFileType = image.png; path = location_icon.png; sourceTree = "<group>"; };
		2BFEFB0221C1439B009C406E /* AppDelegate.h */ = {isa = PBXFileReference; fileEncoding = 4; lastKnownFileType = sourcecode.c.h; path = AppDelegate.h; sourceTree = "<group>"; };
		2BFEFB0321C1439B009C406E /* SoundView.m */ = {isa = PBXFileReference; fileEncoding = 4; lastKnownFileType = sourcecode.c.objc; path = SoundView.m; sourceTree = "<group>"; };
		2BFEFB0421C1439B009C406E /* Assets.xcassets */ = {isa = PBXFileReference; lastKnownFileType = folder.assetcatalog; path = Assets.xcassets; sourceTree = "<group>"; };
		2BFEFB0621C1439B009C406E /* Base */ = {isa = PBXFileReference; lastKnownFileType = file.storyboard; name = Base; path = Base.lproj/LaunchScreen.storyboard; sourceTree = "<group>"; };
		2BFEFB0721C1439B009C406E /* UIRootViewController.h */ = {isa = PBXFileReference; fileEncoding = 4; lastKnownFileType = sourcecode.c.h; path = UIRootViewController.h; sourceTree = "<group>"; };
		2BFEFB0821C1439B009C406E /* main.m */ = {isa = PBXFileReference; fileEncoding = 4; lastKnownFileType = sourcecode.c.objc; path = main.m; sourceTree = "<group>"; };
		2BFEFB0921C1439B009C406E /* msgTritone.caf */ = {isa = PBXFileReference; lastKnownFileType = file; path = msgTritone.caf; sourceTree = "<group>"; };
		2BFEFB0A21C1439B009C406E /* AppDelegate.m */ = {isa = PBXFileReference; fileEncoding = 4; lastKnownFileType = sourcecode.c.objc; path = AppDelegate.m; sourceTree = "<group>"; };
		2BFEFB0B21C1439B009C406E /* UITestViewController.mm */ = {isa = PBXFileReference; fileEncoding = 4; lastKnownFileType = sourcecode.cpp.objcpp; path = UITestViewController.mm; sourceTree = "<group>"; };
		2BFEFB0C21C1439B009C406E /* SoundView.h */ = {isa = PBXFileReference; fileEncoding = 4; lastKnownFileType = sourcecode.c.h; path = SoundView.h; sourceTree = "<group>"; };
		2BFEFB0D21C1439B009C406E /* UIRootViewController.mm */ = {isa = PBXFileReference; fileEncoding = 4; lastKnownFileType = sourcecode.cpp.objcpp; path = UIRootViewController.mm; sourceTree = "<group>"; };
		2BFEFB0E21C1439B009C406E /* InfoEx.plist */ = {isa = PBXFileReference; fileEncoding = 4; lastKnownFileType = text.plist.xml; path = InfoEx.plist; sourceTree = "<group>"; };
		3071CD5025621D0A008960D8 /* ViewController.h */ = {isa = PBXFileReference; fileEncoding = 4; lastKnownFileType = sourcecode.c.h; path = ViewController.h; sourceTree = "<group>"; };
		3071CD5325621D0B008960D8 /* ViewController2.m */ = {isa = PBXFileReference; fileEncoding = 4; lastKnownFileType = sourcecode.c.objc; path = ViewController2.m; sourceTree = "<group>"; };
		3071CD5425621D0B008960D8 /* ViewController3.m */ = {isa = PBXFileReference; fileEncoding = 4; lastKnownFileType = sourcecode.c.objc; path = ViewController3.m; sourceTree = "<group>"; };
		3071CD5525621D0B008960D8 /* ViewController.m */ = {isa = PBXFileReference; fileEncoding = 4; lastKnownFileType = sourcecode.c.objc; path = ViewController.m; sourceTree = "<group>"; };
		3071CD5625621D0B008960D8 /* ViewController4.m */ = {isa = PBXFileReference; fileEncoding = 4; lastKnownFileType = sourcecode.c.objc; path = ViewController4.m; sourceTree = "<group>"; };
		3071CD5725621D0B008960D8 /* ViewController3.h */ = {isa = PBXFileReference; fileEncoding = 4; lastKnownFileType = sourcecode.c.h; path = ViewController3.h; sourceTree = "<group>"; };
		3071CD5925621D0B008960D8 /* ViewController4.h */ = {isa = PBXFileReference; fileEncoding = 4; lastKnownFileType = sourcecode.c.h; path = ViewController4.h; sourceTree = "<group>"; };
		3071CD5A25621D0B008960D8 /* ViewController2.h */ = {isa = PBXFileReference; fileEncoding = 4; lastKnownFileType = sourcecode.c.h; path = ViewController2.h; sourceTree = "<group>"; };
		55458E0524C08B33009EC98A /* qmui.xcodeproj */ = {isa = PBXFileReference; lastKnownFileType = "wrapper.pb-project"; name = qmui.xcodeproj; path = QMUI/qmui.xcodeproj; sourceTree = "<group>"; };
		55458E1724C08D14009EC98A /* testOnlyHpp.hpp */ = {isa = PBXFileReference; fileEncoding = 4; lastKnownFileType = sourcecode.cpp.h; path = testOnlyHpp.hpp; sourceTree = "<group>"; };
		55458E1824C08D14009EC98A /* testHpp.hpp */ = {isa = PBXFileReference; fileEncoding = 4; lastKnownFileType = sourcecode.cpp.h; path = testHpp.hpp; sourceTree = "<group>"; };
		55458E1924C08D14009EC98A /* testCPPEleven.hpp */ = {isa = PBXFileReference; fileEncoding = 4; lastKnownFileType = sourcecode.cpp.h; path = testCPPEleven.hpp; sourceTree = "<group>"; };
		55458E1A24C08D14009EC98A /* testHpp.cpp */ = {isa = PBXFileReference; fileEncoding = 4; lastKnownFileType = sourcecode.cpp.cpp; path = testHpp.cpp; sourceTree = "<group>"; };
/* End PBXFileReference section */

/* Begin PBXFrameworksBuildPhase section */
		2B4BA8071FF0D6E300F002E7 /* Frameworks */ = {
			isa = PBXFrameworksBuildPhase;
			buildActionMask = 2147483647;
			files = (
				2B56144521DA78EA00EC79B3 /* libmp3lame.a in Frameworks */,
				55458E0F24C08B41009EC98A /* QMUIKit.framework in Frameworks */,
			);
			runOnlyForDeploymentPostprocessing = 0;
		};
/* End PBXFrameworksBuildPhase section */

/* Begin PBXGroup section */
		2B46B3C2258265050026FA24 /* Masonry */ = {
			isa = PBXGroup;
			children = (
				2B46B3C3258265050026FA24 /* MASCompositeConstraint.h */,
				2B46B3C4258265050026FA24 /* NSLayoutConstraint+MASDebugAdditions.m */,
				2B46B3C5258265050026FA24 /* MASConstraint+Private.h */,
				2B46B3C6258265050026FA24 /* MASLayoutConstraint.h */,
				2B46B3C7258265050026FA24 /* NSArray+MASShorthandAdditions.h */,
				2B46B3C8258265050026FA24 /* MASConstraintMaker.h */,
				2B46B3C9258265050026FA24 /* View+MASAdditions.h */,
				2B46B3CA258265050026FA24 /* NSArray+MASAdditions.h */,
				2B46B3CB258265060026FA24 /* MASUtilities.h */,
				2B46B3CC258265060026FA24 /* MASViewAttribute.h */,
				2B46B3CD258265060026FA24 /* MASViewConstraint.h */,
				2B46B3CE258265060026FA24 /* MASConstraint.h */,
				2B46B3CF258265060026FA24 /* NSLayoutConstraint+MASDebugAdditions.h */,
				2B46B3D0258265060026FA24 /* MASCompositeConstraint.m */,
				2B46B3D1258265060026FA24 /* MASConstraintMaker.m */,
				2B46B3D2258265060026FA24 /* MASLayoutConstraint.m */,
				2B46B3D3258265060026FA24 /* NSArray+MASAdditions.m */,
				2B46B3D4258265060026FA24 /* View+MASAdditions.m */,
				2B46B3D5258265060026FA24 /* View+MASShorthandAdditions.h */,
				2B46B3D6258265060026FA24 /* Masonry.h */,
				2B46B3D7258265060026FA24 /* MASConstraint.m */,
				2B46B3D8258265060026FA24 /* MASViewConstraint.m */,
				2B46B3D9258265060026FA24 /* MASViewAttribute.m */,
			);
			path = Masonry;
			sourceTree = "<group>";
		};
		2B4BA8011FF0D6E300F002E7 = {
			isa = PBXGroup;
			children = (
				55458E0524C08B33009EC98A /* qmui.xcodeproj */,
				2BFEFAF621C1439A009C406E /* TestObject */,
				55458E0E24C08B41009EC98A /* Frameworks */,
				2B4BA80B1FF0D6E300F002E7 /* Products */,
			);
			sourceTree = "<group>";
		};
		2B4BA80B1FF0D6E300F002E7 /* Products */ = {
			isa = PBXGroup;
			children = (
				2B4BA80A1FF0D6E300F002E7 /* TestObject.app */,
			);
			name = Products;
			sourceTree = "<group>";
		};
		2B56144221DA78EA00EC79B3 /* lame */ = {
			isa = PBXGroup;
			children = (
				2B56144321DA78EA00EC79B3 /* libmp3lame.a */,
				2B56144421DA78EA00EC79B3 /* lame.h */,
			);
			path = lame;
			sourceTree = "<group>";
		};
		2BFEFAF621C1439A009C406E /* TestObject */ = {
			isa = PBXGroup;
			children = (
				2BFEFB0221C1439B009C406E /* AppDelegate.h */,
				2BFEFB0A21C1439B009C406E /* AppDelegate.m */,
				2BFEFB0C21C1439B009C406E /* SoundView.h */,
				2BFEFB0321C1439B009C406E /* SoundView.m */,
				3071CD5025621D0A008960D8 /* ViewController.h */,
				3071CD5525621D0B008960D8 /* ViewController.m */,
				3071CD5A25621D0B008960D8 /* ViewController2.h */,
				3071CD5325621D0B008960D8 /* ViewController2.m */,
				3071CD5725621D0B008960D8 /* ViewController3.h */,
				3071CD5425621D0B008960D8 /* ViewController3.m */,
				3071CD5925621D0B008960D8 /* ViewController4.h */,
				3071CD5625621D0B008960D8 /* ViewController4.m */,
				2BFEFB0721C1439B009C406E /* UIRootViewController.h */,
				2BFEFB0D21C1439B009C406E /* UIRootViewController.mm */,
				2BFEFAF721C1439A009C406E /* UITestViewController.h */,
				2BFEFB0B21C1439B009C406E /* UITestViewController.mm */,
				2B36298D24518953003F2F2A /* MyWorkerClass.h */,
				2B36298E24518953003F2F2A /* MyWorkerClass.m */,
				2BFEFB0E21C1439B009C406E /* InfoEx.plist */,
				2BFEFB0521C1439B009C406E /* LaunchScreen.storyboard */,
				2BFEFB0421C1439B009C406E /* Assets.xcassets */,
				2B46B3C2258265050026FA24 /* Masonry */,
				55458E1624C08D14009EC98A /* CPPTest */,
				2B56144221DA78EA00EC79B3 /* lame */,
				2BFEFAFB21C1439A009C406E /* res */,
			);
			path = TestObject;
			sourceTree = "<group>";
		};
		2BFEFAFB21C1439A009C406E /* res */ = {
			isa = PBXGroup;
			children = (
				2BFEFB0921C1439B009C406E /* msgTritone.caf */,
				2BFEFB0821C1439B009C406E /* main.m */,
				2BFEFAFC21C1439A009C406E /* beijingUp@2x.png */,
				2BFEFAFD21C1439A009C406E /* beijing@2x.png */,
				2BFEFAFE21C1439A009C406E /* triangle.png */,
				2BFEFAFF21C1439A009C406E /* rect.png */,
				2BFEFB0021C1439A009C406E /* beijingDown@2x.png */,
				2BFEFB0121C1439A009C406E /* location_icon.png */,
			);
			path = res;
			sourceTree = "<group>";
		};
		55458E0624C08B33009EC98A /* Products */ = {
			isa = PBXGroup;
			children = (
				55458E0B24C08B34009EC98A /* QMUIKit.framework */,
				55458E0D24C08B34009EC98A /* QMUIKitTests.xctest */,
			);
			name = Products;
			sourceTree = "<group>";
		};
		55458E0E24C08B41009EC98A /* Frameworks */ = {
			isa = PBXGroup;
			children = (
			);
			name = Frameworks;
			sourceTree = "<group>";
		};
		55458E1624C08D14009EC98A /* CPPTest */ = {
			isa = PBXGroup;
			children = (
				55458E1724C08D14009EC98A /* testOnlyHpp.hpp */,
				55458E1824C08D14009EC98A /* testHpp.hpp */,
				55458E1924C08D14009EC98A /* testCPPEleven.hpp */,
				55458E1A24C08D14009EC98A /* testHpp.cpp */,
			);
			path = CPPTest;
			sourceTree = "<group>";
		};
/* End PBXGroup section */

/* Begin PBXNativeTarget section */
		2B4BA8091FF0D6E300F002E7 /* TestObject */ = {
			isa = PBXNativeTarget;
			buildConfigurationList = 2B4BA8201FF0D6E300F002E7 /* Build configuration list for PBXNativeTarget "TestObject" */;
			buildPhases = (
				2B4BA8061FF0D6E300F002E7 /* Sources */,
				2B4BA8071FF0D6E300F002E7 /* Frameworks */,
				2B4BA8081FF0D6E300F002E7 /* Resources */,
				55458E1124C08B41009EC98A /* Embed Frameworks */,
			);
			buildRules = (
			);
			dependencies = (
			);
			name = TestObject;
			productName = TestObject;
			productReference = 2B4BA80A1FF0D6E300F002E7 /* TestObject.app */;
			productType = "com.apple.product-type.application";
		};
/* End PBXNativeTarget section */

/* Begin PBXProject section */
		2B4BA8021FF0D6E300F002E7 /* Project object */ = {
			isa = PBXProject;
			attributes = {
				LastUpgradeCheck = 0920;
				ORGANIZATIONNAME = "冯驰伟";
				TargetAttributes = {
					2B4BA8091FF0D6E300F002E7 = {
						CreatedOnToolsVersion = 9.2;
						ProvisioningStyle = Automatic;
					};
				};
			};
			buildConfigurationList = 2B4BA8051FF0D6E300F002E7 /* Build configuration list for PBXProject "TestObject" */;
			compatibilityVersion = "Xcode 8.0";
			developmentRegion = en;
			hasScannedForEncodings = 0;
			knownRegions = (
				en,
				Base,
			);
			mainGroup = 2B4BA8011FF0D6E300F002E7;
			productRefGroup = 2B4BA80B1FF0D6E300F002E7 /* Products */;
			projectDirPath = "";
			projectReferences = (
				{
					ProductGroup = 55458E0624C08B33009EC98A /* Products */;
					ProjectRef = 55458E0524C08B33009EC98A /* qmui.xcodeproj */;
				},
			);
			projectRoot = "";
			targets = (
				2B4BA8091FF0D6E300F002E7 /* TestObject */,
			);
		};
/* End PBXProject section */

/* Begin PBXReferenceProxy section */
		55458E0B24C08B34009EC98A /* QMUIKit.framework */ = {
			isa = PBXReferenceProxy;
			fileType = wrapper.framework;
			path = QMUIKit.framework;
			remoteRef = 55458E0A24C08B34009EC98A /* PBXContainerItemProxy */;
			sourceTree = BUILT_PRODUCTS_DIR;
		};
		55458E0D24C08B34009EC98A /* QMUIKitTests.xctest */ = {
			isa = PBXReferenceProxy;
			fileType = wrapper.cfbundle;
			path = QMUIKitTests.xctest;
			remoteRef = 55458E0C24C08B34009EC98A /* PBXContainerItemProxy */;
			sourceTree = BUILT_PRODUCTS_DIR;
		};
/* End PBXReferenceProxy section */

/* Begin PBXResourcesBuildPhase section */
		2B4BA8081FF0D6E300F002E7 /* Resources */ = {
			isa = PBXResourcesBuildPhase;
			buildActionMask = 2147483647;
			files = (
				2BFEFB5321C1439B009C406E /* LaunchScreen.storyboard in Resources */,
				2BFEFB4E21C1439B009C406E /* rect.png in Resources */,
				2BFEFB5221C1439B009C406E /* Assets.xcassets in Resources */,
				2BFEFB4D21C1439B009C406E /* triangle.png in Resources */,
				2BFEFB5521C1439B009C406E /* msgTritone.caf in Resources */,
				2BFEFB5921C1439B009C406E /* InfoEx.plist in Resources */,
				2BFEFB5021C1439B009C406E /* location_icon.png in Resources */,
				2BFEFB4C21C1439B009C406E /* beijing@2x.png in Resources */,
				2BFEFB4F21C1439B009C406E /* beijingDown@2x.png in Resources */,
				2BFEFB4B21C1439B009C406E /* beijingUp@2x.png in Resources */,
			);
			runOnlyForDeploymentPostprocessing = 0;
		};
/* End PBXResourcesBuildPhase section */

/* Begin PBXSourcesBuildPhase section */
		2B4BA8061FF0D6E300F002E7 /* Sources */ = {
			isa = PBXSourcesBuildPhase;
			buildActionMask = 2147483647;
			files = (
				3071CD5D25621D0C008960D8 /* ViewController.m in Sources */,
				2B46B3E2258265060026FA24 /* MASViewAttribute.m in Sources */,
				3071CD5E25621D0C008960D8 /* ViewController4.m in Sources */,
				2B36298F24518953003F2F2A /* MyWorkerClass.m in Sources */,
				2B46B3DA258265060026FA24 /* NSLayoutConstraint+MASDebugAdditions.m in Sources */,
				2BFEFB5821C1439B009C406E /* UIRootViewController.mm in Sources */,
				2B46B3DF258265060026FA24 /* View+MASAdditions.m in Sources */,
				2B46B3E1258265060026FA24 /* MASViewConstraint.m in Sources */,
				2B46B3DC258265060026FA24 /* MASConstraintMaker.m in Sources */,
				55458E2424C08D14009EC98A /* testHpp.cpp in Sources */,
				2B46B3E0258265060026FA24 /* MASConstraint.m in Sources */,
				2B46B3DB258265060026FA24 /* MASCompositeConstraint.m in Sources */,
				2B46B3DD258265060026FA24 /* MASLayoutConstraint.m in Sources */,
				2BFEFB5121C1439B009C406E /* SoundView.m in Sources */,
				2BFEFB5721C1439B009C406E /* UITestViewController.mm in Sources */,
				3071CD5C25621D0C008960D8 /* ViewController3.m in Sources */,
				2BFEFB5421C1439B009C406E /* main.m in Sources */,
				2BFEFB5621C1439B009C406E /* AppDelegate.m in Sources */,
				2B46B3DE258265060026FA24 /* NSArray+MASAdditions.m in Sources */,
				3071CD5B25621D0C008960D8 /* ViewController2.m in Sources */,
			);
			runOnlyForDeploymentPostprocessing = 0;
		};
/* End PBXSourcesBuildPhase section */

/* Begin PBXVariantGroup section */
		2BFEFB0521C1439B009C406E /* LaunchScreen.storyboard */ = {
			isa = PBXVariantGroup;
			children = (
				2BFEFB0621C1439B009C406E /* Base */,
			);
			name = LaunchScreen.storyboard;
			sourceTree = "<group>";
		};
/* End PBXVariantGroup section */

/* Begin XCBuildConfiguration section */
		2B4BA81E1FF0D6E300F002E7 /* Debug */ = {
			isa = XCBuildConfiguration;
			buildSettings = {
				ALWAYS_SEARCH_USER_PATHS = NO;
				CLANG_ANALYZER_NONNULL = YES;
				CLANG_ANALYZER_NUMBER_OBJECT_CONVERSION = YES_AGGRESSIVE;
				CLANG_CXX_LANGUAGE_STANDARD = "gnu++14";
				CLANG_CXX_LIBRARY = "libc++";
				CLANG_ENABLE_MODULES = YES;
				CLANG_ENABLE_OBJC_ARC = YES;
				CLANG_WARN_BLOCK_CAPTURE_AUTORELEASING = YES;
				CLANG_WARN_BOOL_CONVERSION = YES;
				CLANG_WARN_COMMA = YES;
				CLANG_WARN_CONSTANT_CONVERSION = YES;
				CLANG_WARN_DIRECT_OBJC_ISA_USAGE = YES_ERROR;
				CLANG_WARN_DOCUMENTATION_COMMENTS = YES;
				CLANG_WARN_EMPTY_BODY = YES;
				CLANG_WARN_ENUM_CONVERSION = YES;
				CLANG_WARN_INFINITE_RECURSION = YES;
				CLANG_WARN_INT_CONVERSION = YES;
				CLANG_WARN_NON_LITERAL_NULL_CONVERSION = YES;
				CLANG_WARN_OBJC_LITERAL_CONVERSION = YES;
				CLANG_WARN_OBJC_ROOT_CLASS = YES_ERROR;
				CLANG_WARN_RANGE_LOOP_ANALYSIS = YES;
				CLANG_WARN_STRICT_PROTOTYPES = YES;
				CLANG_WARN_SUSPICIOUS_MOVE = YES;
				CLANG_WARN_UNGUARDED_AVAILABILITY = YES_AGGRESSIVE;
				CLANG_WARN_UNREACHABLE_CODE = YES;
				CLANG_WARN__DUPLICATE_METHOD_MATCH = YES;
				CODE_SIGN_IDENTITY = "iPhone Developer";
				COPY_PHASE_STRIP = NO;
				DEBUG_INFORMATION_FORMAT = dwarf;
				ENABLE_STRICT_OBJC_MSGSEND = YES;
				ENABLE_TESTABILITY = YES;
				GCC_C_LANGUAGE_STANDARD = gnu11;
				GCC_DYNAMIC_NO_PIC = NO;
				GCC_NO_COMMON_BLOCKS = YES;
				GCC_OPTIMIZATION_LEVEL = 0;
				GCC_PREPROCESSOR_DEFINITIONS = (
					"DEBUG=1",
					"$(inherited)",
				);
				GCC_WARN_64_TO_32_BIT_CONVERSION = YES;
				GCC_WARN_ABOUT_RETURN_TYPE = YES_ERROR;
				GCC_WARN_UNDECLARED_SELECTOR = YES;
				GCC_WARN_UNINITIALIZED_AUTOS = YES_AGGRESSIVE;
				GCC_WARN_UNUSED_FUNCTION = YES;
				GCC_WARN_UNUSED_VARIABLE = YES;
				IPHONEOS_DEPLOYMENT_TARGET = 11.2;
				MTL_ENABLE_DEBUG_INFO = YES;
				ONLY_ACTIVE_ARCH = YES;
				SDKROOT = iphoneos;
			};
			name = Debug;
		};
		2B4BA81F1FF0D6E300F002E7 /* Release */ = {
			isa = XCBuildConfiguration;
			buildSettings = {
				ALWAYS_SEARCH_USER_PATHS = NO;
				CLANG_ANALYZER_NONNULL = YES;
				CLANG_ANALYZER_NUMBER_OBJECT_CONVERSION = YES_AGGRESSIVE;
				CLANG_CXX_LANGUAGE_STANDARD = "gnu++14";
				CLANG_CXX_LIBRARY = "libc++";
				CLANG_ENABLE_MODULES = YES;
				CLANG_ENABLE_OBJC_ARC = YES;
				CLANG_WARN_BLOCK_CAPTURE_AUTORELEASING = YES;
				CLANG_WARN_BOOL_CONVERSION = YES;
				CLANG_WARN_COMMA = YES;
				CLANG_WARN_CONSTANT_CONVERSION = YES;
				CLANG_WARN_DIRECT_OBJC_ISA_USAGE = YES_ERROR;
				CLANG_WARN_DOCUMENTATION_COMMENTS = YES;
				CLANG_WARN_EMPTY_BODY = YES;
				CLANG_WARN_ENUM_CONVERSION = YES;
				CLANG_WARN_INFINITE_RECURSION = YES;
				CLANG_WARN_INT_CONVERSION = YES;
				CLANG_WARN_NON_LITERAL_NULL_CONVERSION = YES;
				CLANG_WARN_OBJC_LITERAL_CONVERSION = YES;
				CLANG_WARN_OBJC_ROOT_CLASS = YES_ERROR;
				CLANG_WARN_RANGE_LOOP_ANALYSIS = YES;
				CLANG_WARN_STRICT_PROTOTYPES = YES;
				CLANG_WARN_SUSPICIOUS_MOVE = YES;
				CLANG_WARN_UNGUARDED_AVAILABILITY = YES_AGGRESSIVE;
				CLANG_WARN_UNREACHABLE_CODE = YES;
				CLANG_WARN__DUPLICATE_METHOD_MATCH = YES;
				CODE_SIGN_IDENTITY = "iPhone Developer";
				COPY_PHASE_STRIP = NO;
				DEBUG_INFORMATION_FORMAT = "dwarf-with-dsym";
				ENABLE_NS_ASSERTIONS = NO;
				ENABLE_STRICT_OBJC_MSGSEND = YES;
				GCC_C_LANGUAGE_STANDARD = gnu11;
				GCC_NO_COMMON_BLOCKS = YES;
				GCC_WARN_64_TO_32_BIT_CONVERSION = YES;
				GCC_WARN_ABOUT_RETURN_TYPE = YES_ERROR;
				GCC_WARN_UNDECLARED_SELECTOR = YES;
				GCC_WARN_UNINITIALIZED_AUTOS = YES_AGGRESSIVE;
				GCC_WARN_UNUSED_FUNCTION = YES;
				GCC_WARN_UNUSED_VARIABLE = YES;
				IPHONEOS_DEPLOYMENT_TARGET = 11.2;
				MTL_ENABLE_DEBUG_INFO = NO;
				SDKROOT = iphoneos;
				VALIDATE_PRODUCT = YES;
			};
			name = Release;
		};
		2B4BA8211FF0D6E300F002E7 /* Debug */ = {
			isa = XCBuildConfiguration;
			buildSettings = {
				ASSETCATALOG_COMPILER_APPICON_NAME = AppIcon;
				CODE_SIGN_IDENTITY = "Apple Development";
				CODE_SIGN_STYLE = Automatic;
				DEVELOPMENT_TEAM = WG256MA2SR;
				ENABLE_BITCODE = NO;
				FRAMEWORK_SEARCH_PATHS = (
					"$(inherited)",
					"$(SRCROOT)/CocoaHotReload",
				);
				INFOPLIST_FILE = TestObject/InfoEx.plist;
				IPHONEOS_DEPLOYMENT_TARGET = 11.0;
				LD_RUNPATH_SEARCH_PATHS = "$(inherited) @executable_path/Frameworks";
				LIBRARY_SEARCH_PATHS = (
					"$(inherited)",
					"$(PROJECT_DIR)/TestObject/lame",
					"$(PROJECT_DIR)/TestObject/FileManager/lame",
				);
				"OTHER_LDFLAGS[arch=*]" = (
					"-l\"c++\"",
					"-force_load",
					"$(SRCROOT)/CocoaHotReload/CocoaHotReload.framework/CocoaHotReload",
				);
				PRODUCT_BUNDLE_IDENTIFIER = com.fengchiwei;
				PRODUCT_NAME = "$(TARGET_NAME)";
				PROVISIONING_PROFILE_SPECIFIER = "";
				TARGETED_DEVICE_FAMILY = "1,2";
			};
			name = Debug;
		};
		2B4BA8221FF0D6E300F002E7 /* Release */ = {
			isa = XCBuildConfiguration;
			buildSettings = {
				ASSETCATALOG_COMPILER_APPICON_NAME = AppIcon;
				CODE_SIGN_IDENTITY = "Apple Development";
				CODE_SIGN_STYLE = Automatic;
				DEVELOPMENT_TEAM = WG256MA2SR;
				ENABLE_BITCODE = NO;
				FRAMEWORK_SEARCH_PATHS = (
					"$(inherited)",
					"$(SRCROOT)/CocoaHotReload",
				);
				INFOPLIST_FILE = TestObject/InfoEx.plist;
				IPHONEOS_DEPLOYMENT_TARGET = 11.0;
				LD_RUNPATH_SEARCH_PATHS = "$(inherited) @executable_path/Frameworks";
				LIBRARY_SEARCH_PATHS = (
					"$(inherited)",
					"$(PROJECT_DIR)/TestObject/lame",
					"$(PROJECT_DIR)/TestObject/FileManager/lame",
				);
				OTHER_LDFLAGS = "";
				PRODUCT_BUNDLE_IDENTIFIER = com.fengchiwei;
				PRODUCT_NAME = "$(TARGET_NAME)";
				PROVISIONING_PROFILE_SPECIFIER = "";
				TARGETED_DEVICE_FAMILY = "1,2";
			};
			name = Release;
		};
/* End XCBuildConfiguration section */

/* Begin XCConfigurationList section */
		2B4BA8051FF0D6E300F002E7 /* Build configuration list for PBXProject "TestObject" */ = {
			isa = XCConfigurationList;
			buildConfigurations = (
				2B4BA81E1FF0D6E300F002E7 /* Debug */,
				2B4BA81F1FF0D6E300F002E7 /* Release */,
			);
			defaultConfigurationIsVisible = 0;
			defaultConfigurationName = Release;
		};
		2B4BA8201FF0D6E300F002E7 /* Build configuration list for PBXNativeTarget "TestObject" */ = {
			isa = XCConfigurationList;
			buildConfigurations = (
				2B4BA8211FF0D6E300F002E7 /* Debug */,
				2B4BA8221FF0D6E300F002E7 /* Release */,
			);
			defaultConfigurationIsVisible = 0;
			defaultConfigurationName = Release;
		};
/* End XCConfigurationList section */
	};
	rootObject = 2B4BA8021FF0D6E300F002E7 /* Project object */;
}
