// !$*UTF8*$!
{
	archiveVersion = 1;
	classes = {
	};
	objectVersion = 48;
	objects = {

/* Begin PBXBuildFile section */
		2B36298F24518953003F2F2A /* MyWorkerClass.m in Sources */ = {isa = PBXBuildFile; fileRef = 2B36298E24518953003F2F2A /* MyWorkerClass.m */; };
		2B56142F21DA6C5100EC79B3 /* IRAFile.djinni in Resources */ = {isa = PBXBuildFile; fileRef = 2B56141321DA6C5100EC79B3 /* IRAFile.djinni */; };
		2B56143021DA6C5100EC79B3 /* IRAFileSystem.djinni in Resources */ = {isa = PBXBuildFile; fileRef = 2B56141421DA6C5100EC79B3 /* IRAFileSystem.djinni */; };
		2B56143121DA6C5100EC79B3 /* IRAFileStream.djinni in Resources */ = {isa = PBXBuildFile; fileRef = 2B56141521DA6C5100EC79B3 /* IRAFileStream.djinni */; };
		2B56143221DA6C5100EC79B3 /* IRAFileService.djinni in Resources */ = {isa = PBXBuildFile; fileRef = 2B56141621DA6C5100EC79B3 /* IRAFileService.djinni */; };
		2B56143B21DA6DDB00EC79B3 /* RALocalFileSystem.m in Sources */ = {isa = PBXBuildFile; fileRef = 2B56143A21DA6DDB00EC79B3 /* RALocalFileSystem.m */; };
		2B56143E21DA6EAC00EC79B3 /* RAFileService.m in Sources */ = {isa = PBXBuildFile; fileRef = 2B56143D21DA6EAC00EC79B3 /* RAFileService.m */; };
		2B56144521DA78EA00EC79B3 /* libmp3lame.a in Frameworks */ = {isa = PBXBuildFile; fileRef = 2B56144321DA78EA00EC79B3 /* libmp3lame.a */; };
		2B56145A21DA7DD400EC79B3 /* RAFile.m in Sources */ = {isa = PBXBuildFile; fileRef = 2B56145921DA7DD400EC79B3 /* RAFile.m */; };
		2B56145D21DA7E4400EC79B3 /* RADir.m in Sources */ = {isa = PBXBuildFile; fileRef = 2B56145C21DA7E4400EC79B3 /* RADir.m */; };
		2BFEFB4B21C1439B009C406E /* beijingUp@2x.png in Resources */ = {isa = PBXBuildFile; fileRef = 2BFEFAFC21C1439A009C406E /* beijingUp@2x.png */; };
		2BFEFB4C21C1439B009C406E /* beijing@2x.png in Resources */ = {isa = PBXBuildFile; fileRef = 2BFEFAFD21C1439A009C406E /* beijing@2x.png */; };
		2BFEFB4D21C1439B009C406E /* triangle.png in Resources */ = {isa = PBXBuildFile; fileRef = 2BFEFAFE21C1439A009C406E /* triangle.png */; };
		2BFEFB4E21C1439B009C406E /* rect.png in Resources */ = {isa = PBXBuildFile; fileRef = 2BFEFAFF21C1439A009C406E /* rect.png */; };
		2BFEFB4F21C1439B009C406E /* beijingDown@2x.png in Resources */ = {isa = PBXBuildFile; fileRef = 2BFEFB0021C1439A009C406E /* beijingDown@2x.png */; };
		2BFEFB5021C1439B009C406E /* location_icon.png in Resources */ = {isa = PBXBuildFile; fileRef = 2BFEFB0121C1439A009C406E /* location_icon.png */; };
		2BFEFB5121C1439B009C406E /* SoundView.m in Sources */ = {isa = PBXBuildFile; fileRef = 2BFEFB0321C1439B009C406E /* SoundView.m */; };
		2BFEFB5221C1439B009C406E /* Assets.xcassets in Resources */ = {isa = PBXBuildFile; fileRef = 2BFEFB0421C1439B009C406E /* Assets.xcassets */; };
		2BFEFB5321C1439B009C406E /* LaunchScreen.storyboard in Resources */ = {isa = PBXBuildFile; fileRef = 2BFEFB0521C1439B009C406E /* LaunchScreen.storyboard */; };
		2BFEFB5421C1439B009C406E /* main.m in Sources */ = {isa = PBXBuildFile; fileRef = 2BFEFB0821C1439B009C406E /* main.m */; };
		2BFEFB5521C1439B009C406E /* msgTritone.caf in Resources */ = {isa = PBXBuildFile; fileRef = 2BFEFB0921C1439B009C406E /* msgTritone.caf */; };
		2BFEFB5621C1439B009C406E /* AppDelegate.m in Sources */ = {isa = PBXBuildFile; fileRef = 2BFEFB0A21C1439B009C406E /* AppDelegate.m */; };
		2BFEFB5721C1439B009C406E /* fengchiweiViewController.mm in Sources */ = {isa = PBXBuildFile; fileRef = 2BFEFB0B21C1439B009C406E /* fengchiweiViewController.mm */; };
		2BFEFB5821C1439B009C406E /* maxcwfengViewController.m in Sources */ = {isa = PBXBuildFile; fileRef = 2BFEFB0D21C1439B009C406E /* maxcwfengViewController.m */; };
		2BFEFB5921C1439B009C406E /* InfoEx.plist in Resources */ = {isa = PBXBuildFile; fileRef = 2BFEFB0E21C1439B009C406E /* InfoEx.plist */; };
/* End PBXBuildFile section */

/* Begin PBXFileReference section */
		2B36298D24518953003F2F2A /* MyWorkerClass.h */ = {isa = PBXFileReference; lastKnownFileType = sourcecode.c.h; path = MyWorkerClass.h; sourceTree = "<group>"; };
		2B36298E24518953003F2F2A /* MyWorkerClass.m */ = {isa = PBXFileReference; lastKnownFileType = sourcecode.c.objc; path = MyWorkerClass.m; sourceTree = "<group>"; };
		2B4BA80A1FF0D6E300F002E7 /* TestObject.app */ = {isa = PBXFileReference; explicitFileType = wrapper.application; includeInIndex = 0; path = TestObject.app; sourceTree = BUILT_PRODUCTS_DIR; };
		2B56141321DA6C5100EC79B3 /* IRAFile.djinni */ = {isa = PBXFileReference; fileEncoding = 4; lastKnownFileType = text; path = IRAFile.djinni; sourceTree = "<group>"; };
		2B56141421DA6C5100EC79B3 /* IRAFileSystem.djinni */ = {isa = PBXFileReference; fileEncoding = 4; lastKnownFileType = text; path = IRAFileSystem.djinni; sourceTree = "<group>"; };
		2B56141521DA6C5100EC79B3 /* IRAFileStream.djinni */ = {isa = PBXFileReference; fileEncoding = 4; lastKnownFileType = text; path = IRAFileStream.djinni; sourceTree = "<group>"; };
		2B56141621DA6C5100EC79B3 /* IRAFileService.djinni */ = {isa = PBXFileReference; fileEncoding = 4; lastKnownFileType = text; path = IRAFileService.djinni; sourceTree = "<group>"; };
		2B56143921DA6DDB00EC79B3 /* RALocalFileSystem.h */ = {isa = PBXFileReference; lastKnownFileType = sourcecode.c.h; path = RALocalFileSystem.h; sourceTree = "<group>"; };
		2B56143A21DA6DDB00EC79B3 /* RALocalFileSystem.m */ = {isa = PBXFileReference; lastKnownFileType = sourcecode.c.objc; path = RALocalFileSystem.m; sourceTree = "<group>"; };
		2B56143C21DA6EAC00EC79B3 /* RAFileService.h */ = {isa = PBXFileReference; lastKnownFileType = sourcecode.c.h; path = RAFileService.h; sourceTree = "<group>"; };
		2B56143D21DA6EAC00EC79B3 /* RAFileService.m */ = {isa = PBXFileReference; lastKnownFileType = sourcecode.c.objc; path = RAFileService.m; sourceTree = "<group>"; };
		2B56144021DA76AE00EC79B3 /* IRAFileSystem.h */ = {isa = PBXFileReference; lastKnownFileType = sourcecode.c.h; path = IRAFileSystem.h; sourceTree = "<group>"; };
		2B56144121DA77DB00EC79B3 /* RASysType.h */ = {isa = PBXFileReference; fileEncoding = 4; lastKnownFileType = sourcecode.c.h; path = RASysType.h; sourceTree = "<group>"; };
		2B56144321DA78EA00EC79B3 /* libmp3lame.a */ = {isa = PBXFileReference; lastKnownFileType = archive.ar; path = libmp3lame.a; sourceTree = "<group>"; };
		2B56144421DA78EA00EC79B3 /* lame.h */ = {isa = PBXFileReference; fileEncoding = 4; lastKnownFileType = sourcecode.c.h; path = lame.h; sourceTree = "<group>"; };
		2B56145721DA7DAE00EC79B3 /* IRAFile.h */ = {isa = PBXFileReference; lastKnownFileType = sourcecode.c.h; path = IRAFile.h; sourceTree = "<group>"; };
		2B56145821DA7DD400EC79B3 /* RAFile.h */ = {isa = PBXFileReference; lastKnownFileType = sourcecode.c.h; path = RAFile.h; sourceTree = "<group>"; };
		2B56145921DA7DD400EC79B3 /* RAFile.m */ = {isa = PBXFileReference; lastKnownFileType = sourcecode.c.objc; path = RAFile.m; sourceTree = "<group>"; };
		2B56145B21DA7E4400EC79B3 /* RADir.h */ = {isa = PBXFileReference; lastKnownFileType = sourcecode.c.h; path = RADir.h; sourceTree = "<group>"; };
		2B56145C21DA7E4400EC79B3 /* RADir.m */ = {isa = PBXFileReference; lastKnownFileType = sourcecode.c.objc; path = RADir.m; sourceTree = "<group>"; };
		2BFEFAF721C1439A009C406E /* fengchiweiViewController.h */ = {isa = PBXFileReference; fileEncoding = 4; lastKnownFileType = sourcecode.c.h; path = fengchiweiViewController.h; sourceTree = "<group>"; };
		2BFEFAFC21C1439A009C406E /* beijingUp@2x.png */ = {isa = PBXFileReference; lastKnownFileType = image.png; path = "beijingUp@2x.png"; sourceTree = "<group>"; };
		2BFEFAFD21C1439A009C406E /* beijing@2x.png */ = {isa = PBXFileReference; lastKnownFileType = image.png; path = "beijing@2x.png"; sourceTree = "<group>"; };
		2BFEFAFE21C1439A009C406E /* triangle.png */ = {isa = PBXFileReference; lastKnownFileType = image.png; path = triangle.png; sourceTree = "<group>"; };
		2BFEFAFF21C1439A009C406E /* rect.png */ = {isa = PBXFileReference; lastKnownFileType = image.png; path = rect.png; sourceTree = "<group>"; };
		2BFEFB0021C1439A009C406E /* beijingDown@2x.png */ = {isa = PBXFileReference; lastKnownFileType = image.png; path = "beijingDown@2x.png"; sourceTree = "<group>"; };
		2BFEFB0121C1439A009C406E /* location_icon.png */ = {isa = PBXFileReference; lastKnownFileType = image.png; path = location_icon.png; sourceTree = "<group>"; };
		2BFEFB0221C1439B009C406E /* AppDelegate.h */ = {isa = PBXFileReference; fileEncoding = 4; lastKnownFileType = sourcecode.c.h; path = AppDelegate.h; sourceTree = "<group>"; };
		2BFEFB0321C1439B009C406E /* SoundView.m */ = {isa = PBXFileReference; fileEncoding = 4; lastKnownFileType = sourcecode.c.objc; path = SoundView.m; sourceTree = "<group>"; };
		2BFEFB0421C1439B009C406E /* Assets.xcassets */ = {isa = PBXFileReference; lastKnownFileType = folder.assetcatalog; path = Assets.xcassets; sourceTree = "<group>"; };
		2BFEFB0621C1439B009C406E /* Base */ = {isa = PBXFileReference; lastKnownFileType = file.storyboard; name = Base; path = Base.lproj/LaunchScreen.storyboard; sourceTree = "<group>"; };
		2BFEFB0721C1439B009C406E /* maxcwfengViewController.h */ = {isa = PBXFileReference; fileEncoding = 4; lastKnownFileType = sourcecode.c.h; path = maxcwfengViewController.h; sourceTree = "<group>"; };
		2BFEFB0821C1439B009C406E /* main.m */ = {isa = PBXFileReference; fileEncoding = 4; lastKnownFileType = sourcecode.c.objc; path = main.m; sourceTree = "<group>"; };
		2BFEFB0921C1439B009C406E /* msgTritone.caf */ = {isa = PBXFileReference; lastKnownFileType = file; path = msgTritone.caf; sourceTree = "<group>"; };
		2BFEFB0A21C1439B009C406E /* AppDelegate.m */ = {isa = PBXFileReference; fileEncoding = 4; lastKnownFileType = sourcecode.c.objc; path = AppDelegate.m; sourceTree = "<group>"; };
		2BFEFB0B21C1439B009C406E /* fengchiweiViewController.mm */ = {isa = PBXFileReference; fileEncoding = 4; lastKnownFileType = sourcecode.cpp.objcpp; path = fengchiweiViewController.mm; sourceTree = "<group>"; };
		2BFEFB0C21C1439B009C406E /* SoundView.h */ = {isa = PBXFileReference; fileEncoding = 4; lastKnownFileType = sourcecode.c.h; path = SoundView.h; sourceTree = "<group>"; };
		2BFEFB0D21C1439B009C406E /* maxcwfengViewController.m */ = {isa = PBXFileReference; fileEncoding = 4; lastKnownFileType = sourcecode.c.objc; path = maxcwfengViewController.m; sourceTree = "<group>"; };
		2BFEFB0E21C1439B009C406E /* InfoEx.plist */ = {isa = PBXFileReference; fileEncoding = 4; lastKnownFileType = text.plist.xml; path = InfoEx.plist; sourceTree = "<group>"; };
/* End PBXFileReference section */

/* Begin PBXFrameworksBuildPhase section */
		2B4BA8071FF0D6E300F002E7 /* Frameworks */ = {
			isa = PBXFrameworksBuildPhase;
			buildActionMask = 2147483647;
			files = (
				2B56144521DA78EA00EC79B3 /* libmp3lame.a in Frameworks */,
			);
			runOnlyForDeploymentPostprocessing = 0;
		};
/* End PBXFrameworksBuildPhase section */

/* Begin PBXGroup section */
		2B4BA8011FF0D6E300F002E7 = {
			isa = PBXGroup;
			children = (
				2BFEFAF621C1439A009C406E /* TestObject */,
				2B4BA80B1FF0D6E300F002E7 /* Products */,
			);
			sourceTree = "<group>";
		};
		2B4BA80B1FF0D6E300F002E7 /* Products */ = {
			isa = PBXGroup;
			children = (
				2B4BA80A1FF0D6E300F002E7 /* TestObject.app */,
			);
			name = Products;
			sourceTree = "<group>";
		};
		2B56141221DA6C5100EC79B3 /* NewFileSys */ = {
			isa = PBXGroup;
			children = (
				2B56144121DA77DB00EC79B3 /* RASysType.h */,
				2B56143C21DA6EAC00EC79B3 /* RAFileService.h */,
				2B56143D21DA6EAC00EC79B3 /* RAFileService.m */,
				2B56144021DA76AE00EC79B3 /* IRAFileSystem.h */,
				2B56143921DA6DDB00EC79B3 /* RALocalFileSystem.h */,
				2B56143A21DA6DDB00EC79B3 /* RALocalFileSystem.m */,
				2B56145721DA7DAE00EC79B3 /* IRAFile.h */,
				2B56145821DA7DD400EC79B3 /* RAFile.h */,
				2B56145921DA7DD400EC79B3 /* RAFile.m */,
				2B56145B21DA7E4400EC79B3 /* RADir.h */,
				2B56145C21DA7E4400EC79B3 /* RADir.m */,
				2B56141321DA6C5100EC79B3 /* IRAFile.djinni */,
				2B56141421DA6C5100EC79B3 /* IRAFileSystem.djinni */,
				2B56141521DA6C5100EC79B3 /* IRAFileStream.djinni */,
				2B56141621DA6C5100EC79B3 /* IRAFileService.djinni */,
			);
			path = NewFileSys;
			sourceTree = "<group>";
		};
		2B56144221DA78EA00EC79B3 /* lame */ = {
			isa = PBXGroup;
			children = (
				2B56144321DA78EA00EC79B3 /* libmp3lame.a */,
				2B56144421DA78EA00EC79B3 /* lame.h */,
			);
			path = lame;
			sourceTree = "<group>";
		};
		2BFEFAF621C1439A009C406E /* TestObject */ = {
			isa = PBXGroup;
			children = (
				2B56144221DA78EA00EC79B3 /* lame */,
				2B56141221DA6C5100EC79B3 /* NewFileSys */,
				2BFEFAFB21C1439A009C406E /* res */,
				2BFEFB0221C1439B009C406E /* AppDelegate.h */,
				2BFEFB0321C1439B009C406E /* SoundView.m */,
				2BFEFB0421C1439B009C406E /* Assets.xcassets */,
				2BFEFB0521C1439B009C406E /* LaunchScreen.storyboard */,
				2BFEFB0721C1439B009C406E /* maxcwfengViewController.h */,
				2BFEFB0D21C1439B009C406E /* maxcwfengViewController.m */,
				2BFEFB0821C1439B009C406E /* main.m */,
				2B36298D24518953003F2F2A /* MyWorkerClass.h */,
				2B36298E24518953003F2F2A /* MyWorkerClass.m */,
				2BFEFB0921C1439B009C406E /* msgTritone.caf */,
				2BFEFB0A21C1439B009C406E /* AppDelegate.m */,
				2BFEFAF721C1439A009C406E /* fengchiweiViewController.h */,
				2BFEFB0B21C1439B009C406E /* fengchiweiViewController.mm */,
				2BFEFB0C21C1439B009C406E /* SoundView.h */,
				2BFEFB0E21C1439B009C406E /* InfoEx.plist */,
			);
			path = TestObject;
			sourceTree = "<group>";
		};
		2BFEFAFB21C1439A009C406E /* res */ = {
			isa = PBXGroup;
			children = (
				2BFEFAFC21C1439A009C406E /* beijingUp@2x.png */,
				2BFEFAFD21C1439A009C406E /* beijing@2x.png */,
				2BFEFAFE21C1439A009C406E /* triangle.png */,
				2BFEFAFF21C1439A009C406E /* rect.png */,
				2BFEFB0021C1439A009C406E /* beijingDown@2x.png */,
				2BFEFB0121C1439A009C406E /* location_icon.png */,
			);
			path = res;
			sourceTree = "<group>";
		};
/* End PBXGroup section */

/* Begin PBXNativeTarget section */
		2B4BA8091FF0D6E300F002E7 /* TestObject */ = {
			isa = PBXNativeTarget;
			buildConfigurationList = 2B4BA8201FF0D6E300F002E7 /* Build configuration list for PBXNativeTarget "TestObject" */;
			buildPhases = (
				2B4BA8061FF0D6E300F002E7 /* Sources */,
				2B4BA8071FF0D6E300F002E7 /* Frameworks */,
				2B4BA8081FF0D6E300F002E7 /* Resources */,
			);
			buildRules = (
			);
			dependencies = (
			);
			name = TestObject;
			productName = TestObject;
			productReference = 2B4BA80A1FF0D6E300F002E7 /* TestObject.app */;
			productType = "com.apple.product-type.application";
		};
/* End PBXNativeTarget section */

/* Begin PBXProject section */
		2B4BA8021FF0D6E300F002E7 /* Project object */ = {
			isa = PBXProject;
			attributes = {
				LastUpgradeCheck = 0920;
				ORGANIZATIONNAME = "冯驰伟";
				TargetAttributes = {
					2B4BA8091FF0D6E300F002E7 = {
						CreatedOnToolsVersion = 9.2;
						ProvisioningStyle = Automatic;
					};
				};
			};
			buildConfigurationList = 2B4BA8051FF0D6E300F002E7 /* Build configuration list for PBXProject "TestObject" */;
			compatibilityVersion = "Xcode 8.0";
			developmentRegion = en;
			hasScannedForEncodings = 0;
			knownRegions = (
				en,
				Base,
			);
			mainGroup = 2B4BA8011FF0D6E300F002E7;
			productRefGroup = 2B4BA80B1FF0D6E300F002E7 /* Products */;
			projectDirPath = "";
			projectRoot = "";
			targets = (
				2B4BA8091FF0D6E300F002E7 /* TestObject */,
			);
		};
/* End PBXProject section */

/* Begin PBXResourcesBuildPhase section */
		2B4BA8081FF0D6E300F002E7 /* Resources */ = {
			isa = PBXResourcesBuildPhase;
			buildActionMask = 2147483647;
			files = (
				2B56143221DA6C5100EC79B3 /* IRAFileService.djinni in Resources */,
				2BFEFB5321C1439B009C406E /* LaunchScreen.storyboard in Resources */,
				2BFEFB4E21C1439B009C406E /* rect.png in Resources */,
				2BFEFB5221C1439B009C406E /* Assets.xcassets in Resources */,
				2B56143021DA6C5100EC79B3 /* IRAFileSystem.djinni in Resources */,
				2BFEFB4D21C1439B009C406E /* triangle.png in Resources */,
				2BFEFB5521C1439B009C406E /* msgTritone.caf in Resources */,
				2BFEFB5921C1439B009C406E /* InfoEx.plist in Resources */,
				2B56142F21DA6C5100EC79B3 /* IRAFile.djinni in Resources */,
				2BFEFB5021C1439B009C406E /* location_icon.png in Resources */,
				2BFEFB4C21C1439B009C406E /* beijing@2x.png in Resources */,
				2BFEFB4F21C1439B009C406E /* beijingDown@2x.png in Resources */,
				2B56143121DA6C5100EC79B3 /* IRAFileStream.djinni in Resources */,
				2BFEFB4B21C1439B009C406E /* beijingUp@2x.png in Resources */,
			);
			runOnlyForDeploymentPostprocessing = 0;
		};
/* End PBXResourcesBuildPhase section */

/* Begin PBXSourcesBuildPhase section */
		2B4BA8061FF0D6E300F002E7 /* Sources */ = {
			isa = PBXSourcesBuildPhase;
			buildActionMask = 2147483647;
			files = (
				2B36298F24518953003F2F2A /* MyWorkerClass.m in Sources */,
				2B56143E21DA6EAC00EC79B3 /* RAFileService.m in Sources */,
				2BFEFB5821C1439B009C406E /* maxcwfengViewController.m in Sources */,
				2B56145D21DA7E4400EC79B3 /* RADir.m in Sources */,
				2BFEFB5121C1439B009C406E /* SoundView.m in Sources */,
				2BFEFB5721C1439B009C406E /* fengchiweiViewController.mm in Sources */,
				2B56145A21DA7DD400EC79B3 /* RAFile.m in Sources */,
				2BFEFB5421C1439B009C406E /* main.m in Sources */,
				2BFEFB5621C1439B009C406E /* AppDelegate.m in Sources */,
				2B56143B21DA6DDB00EC79B3 /* RALocalFileSystem.m in Sources */,
			);
			runOnlyForDeploymentPostprocessing = 0;
		};
/* End PBXSourcesBuildPhase section */

/* Begin PBXVariantGroup section */
		2BFEFB0521C1439B009C406E /* LaunchScreen.storyboard */ = {
			isa = PBXVariantGroup;
			children = (
				2BFEFB0621C1439B009C406E /* Base */,
			);
			name = LaunchScreen.storyboard;
			sourceTree = "<group>";
		};
/* End PBXVariantGroup section */

/* Begin XCBuildConfiguration section */
		2B4BA81E1FF0D6E300F002E7 /* Debug */ = {
			isa = XCBuildConfiguration;
			buildSettings = {
				ALWAYS_SEARCH_USER_PATHS = NO;
				CLANG_ANALYZER_NONNULL = YES;
				CLANG_ANALYZER_NUMBER_OBJECT_CONVERSION = YES_AGGRESSIVE;
				CLANG_CXX_LANGUAGE_STANDARD = "gnu++14";
				CLANG_CXX_LIBRARY = "libc++";
				CLANG_ENABLE_MODULES = YES;
				CLANG_ENABLE_OBJC_ARC = YES;
				CLANG_WARN_BLOCK_CAPTURE_AUTORELEASING = YES;
				CLANG_WARN_BOOL_CONVERSION = YES;
				CLANG_WARN_COMMA = YES;
				CLANG_WARN_CONSTANT_CONVERSION = YES;
				CLANG_WARN_DIRECT_OBJC_ISA_USAGE = YES_ERROR;
				CLANG_WARN_DOCUMENTATION_COMMENTS = YES;
				CLANG_WARN_EMPTY_BODY = YES;
				CLANG_WARN_ENUM_CONVERSION = YES;
				CLANG_WARN_INFINITE_RECURSION = YES;
				CLANG_WARN_INT_CONVERSION = YES;
				CLANG_WARN_NON_LITERAL_NULL_CONVERSION = YES;
				CLANG_WARN_OBJC_LITERAL_CONVERSION = YES;
				CLANG_WARN_OBJC_ROOT_CLASS = YES_ERROR;
				CLANG_WARN_RANGE_LOOP_ANALYSIS = YES;
				CLANG_WARN_STRICT_PROTOTYPES = YES;
				CLANG_WARN_SUSPICIOUS_MOVE = YES;
				CLANG_WARN_UNGUARDED_AVAILABILITY = YES_AGGRESSIVE;
				CLANG_WARN_UNREACHABLE_CODE = YES;
				CLANG_WARN__DUPLICATE_METHOD_MATCH = YES;
				CODE_SIGN_IDENTITY = "iPhone Developer";
				COPY_PHASE_STRIP = NO;
				DEBUG_INFORMATION_FORMAT = dwarf;
				ENABLE_STRICT_OBJC_MSGSEND = YES;
				ENABLE_TESTABILITY = YES;
				GCC_C_LANGUAGE_STANDARD = gnu11;
				GCC_DYNAMIC_NO_PIC = NO;
				GCC_NO_COMMON_BLOCKS = YES;
				GCC_OPTIMIZATION_LEVEL = 0;
				GCC_PREPROCESSOR_DEFINITIONS = (
					"DEBUG=1",
					"$(inherited)",
				);
				GCC_WARN_64_TO_32_BIT_CONVERSION = YES;
				GCC_WARN_ABOUT_RETURN_TYPE = YES_ERROR;
				GCC_WARN_UNDECLARED_SELECTOR = YES;
				GCC_WARN_UNINITIALIZED_AUTOS = YES_AGGRESSIVE;
				GCC_WARN_UNUSED_FUNCTION = YES;
				GCC_WARN_UNUSED_VARIABLE = YES;
				IPHONEOS_DEPLOYMENT_TARGET = 11.2;
				MTL_ENABLE_DEBUG_INFO = YES;
				ONLY_ACTIVE_ARCH = YES;
				SDKROOT = iphoneos;
			};
			name = Debug;
		};
		2B4BA81F1FF0D6E300F002E7 /* Release */ = {
			isa = XCBuildConfiguration;
			buildSettings = {
				ALWAYS_SEARCH_USER_PATHS = NO;
				CLANG_ANALYZER_NONNULL = YES;
				CLANG_ANALYZER_NUMBER_OBJECT_CONVERSION = YES_AGGRESSIVE;
				CLANG_CXX_LANGUAGE_STANDARD = "gnu++14";
				CLANG_CXX_LIBRARY = "libc++";
				CLANG_ENABLE_MODULES = YES;
				CLANG_ENABLE_OBJC_ARC = YES;
				CLANG_WARN_BLOCK_CAPTURE_AUTORELEASING = YES;
				CLANG_WARN_BOOL_CONVERSION = YES;
				CLANG_WARN_COMMA = YES;
				CLANG_WARN_CONSTANT_CONVERSION = YES;
				CLANG_WARN_DIRECT_OBJC_ISA_USAGE = YES_ERROR;
				CLANG_WARN_DOCUMENTATION_COMMENTS = YES;
				CLANG_WARN_EMPTY_BODY = YES;
				CLANG_WARN_ENUM_CONVERSION = YES;
				CLANG_WARN_INFINITE_RECURSION = YES;
				CLANG_WARN_INT_CONVERSION = YES;
				CLANG_WARN_NON_LITERAL_NULL_CONVERSION = YES;
				CLANG_WARN_OBJC_LITERAL_CONVERSION = YES;
				CLANG_WARN_OBJC_ROOT_CLASS = YES_ERROR;
				CLANG_WARN_RANGE_LOOP_ANALYSIS = YES;
				CLANG_WARN_STRICT_PROTOTYPES = YES;
				CLANG_WARN_SUSPICIOUS_MOVE = YES;
				CLANG_WARN_UNGUARDED_AVAILABILITY = YES_AGGRESSIVE;
				CLANG_WARN_UNREACHABLE_CODE = YES;
				CLANG_WARN__DUPLICATE_METHOD_MATCH = YES;
				CODE_SIGN_IDENTITY = "iPhone Developer";
				COPY_PHASE_STRIP = NO;
				DEBUG_INFORMATION_FORMAT = "dwarf-with-dsym";
				ENABLE_NS_ASSERTIONS = NO;
				ENABLE_STRICT_OBJC_MSGSEND = YES;
				GCC_C_LANGUAGE_STANDARD = gnu11;
				GCC_NO_COMMON_BLOCKS = YES;
				GCC_WARN_64_TO_32_BIT_CONVERSION = YES;
				GCC_WARN_ABOUT_RETURN_TYPE = YES_ERROR;
				GCC_WARN_UNDECLARED_SELECTOR = YES;
				GCC_WARN_UNINITIALIZED_AUTOS = YES_AGGRESSIVE;
				GCC_WARN_UNUSED_FUNCTION = YES;
				GCC_WARN_UNUSED_VARIABLE = YES;
				IPHONEOS_DEPLOYMENT_TARGET = 11.2;
				MTL_ENABLE_DEBUG_INFO = NO;
				SDKROOT = iphoneos;
				VALIDATE_PRODUCT = YES;
			};
			name = Release;
		};
		2B4BA8211FF0D6E300F002E7 /* Debug */ = {
			isa = XCBuildConfiguration;
			buildSettings = {
				ASSETCATALOG_COMPILER_APPICON_NAME = AppIcon;
				CODE_SIGN_IDENTITY = "Apple Development";
				CODE_SIGN_STYLE = Automatic;
				DEVELOPMENT_TEAM = WG256MA2SR;
				ENABLE_BITCODE = NO;
				INFOPLIST_FILE = TestObject/InfoEx.plist;
				IPHONEOS_DEPLOYMENT_TARGET = 11.0;
				LD_RUNPATH_SEARCH_PATHS = "$(inherited) @executable_path/Frameworks";
				LIBRARY_SEARCH_PATHS = (
					"$(inherited)",
					"$(PROJECT_DIR)/TestObject/lame",
				);
				PRODUCT_BUNDLE_IDENTIFIER = com.fengchiwei;
				PRODUCT_NAME = "$(TARGET_NAME)";
				PROVISIONING_PROFILE_SPECIFIER = "";
				TARGETED_DEVICE_FAMILY = "1,2";
			};
			name = Debug;
		};
		2B4BA8221FF0D6E300F002E7 /* Release */ = {
			isa = XCBuildConfiguration;
			buildSettings = {
				ASSETCATALOG_COMPILER_APPICON_NAME = AppIcon;
				CODE_SIGN_IDENTITY = "Apple Development";
				CODE_SIGN_STYLE = Automatic;
				DEVELOPMENT_TEAM = WG256MA2SR;
				ENABLE_BITCODE = NO;
				INFOPLIST_FILE = TestObject/InfoEx.plist;
				IPHONEOS_DEPLOYMENT_TARGET = 11.0;
				LD_RUNPATH_SEARCH_PATHS = "$(inherited) @executable_path/Frameworks";
				LIBRARY_SEARCH_PATHS = (
					"$(inherited)",
					"$(PROJECT_DIR)/TestObject/lame",
				);
				PRODUCT_BUNDLE_IDENTIFIER = com.fengchiwei;
				PRODUCT_NAME = "$(TARGET_NAME)";
				PROVISIONING_PROFILE_SPECIFIER = "";
				TARGETED_DEVICE_FAMILY = "1,2";
			};
			name = Release;
		};
/* End XCBuildConfiguration section */

/* Begin XCConfigurationList section */
		2B4BA8051FF0D6E300F002E7 /* Build configuration list for PBXProject "TestObject" */ = {
			isa = XCConfigurationList;
			buildConfigurations = (
				2B4BA81E1FF0D6E300F002E7 /* Debug */,
				2B4BA81F1FF0D6E300F002E7 /* Release */,
			);
			defaultConfigurationIsVisible = 0;
			defaultConfigurationName = Release;
		};
		2B4BA8201FF0D6E300F002E7 /* Build configuration list for PBXNativeTarget "TestObject" */ = {
			isa = XCConfigurationList;
			buildConfigurations = (
				2B4BA8211FF0D6E300F002E7 /* Debug */,
				2B4BA8221FF0D6E300F002E7 /* Release */,
			);
			defaultConfigurationIsVisible = 0;
			defaultConfigurationName = Release;
		};
/* End XCConfigurationList section */
	};
	rootObject = 2B4BA8021FF0D6E300F002E7 /* Project object */;
}
